
Microsoft Visual Studio Solution File, Format Version 12.00
# Visual Studio Version 17
VisualStudioVersion = 17.13.35825.156
MinimumVisualStudioVersion = 10.0.40219.1
Project("{FAE04EC0-301F-11D3-BF4B-00C04F79EFBC}") = "NoteQuickFormatterTests", "NoteQuickFormatterTests\NoteQuickFormatterTests.csproj", "{0707EAE9-8BEE-4D6D-B8D6-1AA8982A0AC5}"
EndProject
Project("{54435603-DBB4-11D2-8724-00A0C9A8B90C}") = "Setup", "Setup\Setup.vdproj", "{F5D91FD6-F519-3AC5-2EF1-6ADD62B256F6}"
EndProject
Project("{FAE04EC0-301F-11D3-BF4B-00C04F79EFBC}") = "NoteQuickFormatter", "NoteQuickFormatter\NoteQuickFormatter.csproj", "{DFA8B735-4028-4953-BB78-671C2DD9B4FD}"
EndProject
Project("{FAE04EC0-301F-11D3-BF4B-00C04F79EFBC}") = "WindowsFormsApp1", "WindowsFormsApp1\WindowsFormsApp1.csproj", "{A224865F-EEBF-481B-B74E-093B79796A30}"
EndProject
Global
	GlobalSection(SolutionConfigurationPlatforms) = preSolution
		Debug|Any CPU = Debug|Any CPU
		Debug|x64 = Debug|x64
		Release|Any CPU = Release|Any CPU
		Release|x64 = Release|x64
	EndGlobalSection
	GlobalSection(ProjectConfigurationPlatforms) = postSolution
		{0707EAE9-8BEE-4D6D-B8D6-1AA8982A0AC5}.Debug|Any CPU.ActiveCfg = Debug|Any CPU
		{0707EAE9-8BEE-4D6D-B8D6-1AA8982A0AC5}.Debug|Any CPU.Build.0 = Debug|Any CPU
		{0707EAE9-8BEE-4D6D-B8D6-1AA8982A0AC5}.Debug|x64.ActiveCfg = Debug|Any CPU
		{0707EAE9-8BEE-4D6D-B8D6-1AA8982A0AC5}.Debug|x64.Build.0 = Debug|Any CPU
		{0707EAE9-8BEE-4D6D-B8D6-1AA8982A0AC5}.Release|Any CPU.ActiveCfg = Release|Any CPU
		{0707EAE9-8BEE-4D6D-B8D6-1AA8982A0AC5}.Release|Any CPU.Build.0 = Release|Any CPU
		{0707EAE9-8BEE-4D6D-B8D6-1AA8982A0AC5}.Release|x64.ActiveCfg = Release|Any CPU
		{0707EAE9-8BEE-4D6D-B8D6-1AA8982A0AC5}.Release|x64.Build.0 = Release|Any CPU
		{F5D91FD6-F519-3AC5-2EF1-6ADD62B256F6}.Debug|Any CPU.ActiveCfg = Debug
		{F5D91FD6-F519-3AC5-2EF1-6ADD62B256F6}.Debug|x64.ActiveCfg = Debug
		{F5D91FD6-F519-3AC5-2EF1-6ADD62B256F6}.Debug|x64.Build.0 = Debug
		{F5D91FD6-F519-3AC5-2EF1-6ADD62B256F6}.Release|Any CPU.ActiveCfg = Release
		{F5D91FD6-F519-3AC5-2EF1-6ADD62B256F6}.Release|x64.ActiveCfg = Release
		{F5D91FD6-F519-3AC5-2EF1-6ADD62B256F6}.Release|x64.Build.0 = Release
		{DFA8B735-4028-4953-BB78-671C2DD9B4FD}.Debug|Any CPU.ActiveCfg = Debug|Any CPU
		{DFA8B735-4028-4953-BB78-671C2DD9B4FD}.Debug|Any CPU.Build.0 = Debug|Any CPU
		{DFA8B735-4028-4953-BB78-671C2DD9B4FD}.Debug|x64.ActiveCfg = Debug|x64
		{DFA8B735-4028-4953-BB78-671C2DD9B4FD}.Debug|x64.Build.0 = Debug|x64
		{DFA8B735-4028-4953-BB78-671C2DD9B4FD}.Release|Any CPU.ActiveCfg = Release|Any CPU
		{DFA8B735-4028-4953-BB78-671C2DD9B4FD}.Release|Any CPU.Build.0 = Release|Any CPU
		{DFA8B735-4028-4953-BB78-671C2DD9B4FD}.Release|x64.ActiveCfg = Release|x64
		{DFA8B735-4028-4953-BB78-671C2DD9B4FD}.Release|x64.Build.0 = Release|x64
		{A224865F-EEBF-481B-B74E-093B79796A30}.Debug|Any CPU.ActiveCfg = Debug|Any CPU
		{A224865F-EEBF-481B-B74E-093B79796A30}.Debug|Any CPU.Build.0 = Debug|Any CPU
		{A224865F-EEBF-481B-B74E-093B79796A30}.Debug|x64.ActiveCfg = Debug|Any CPU
		{A224865F-EEBF-481B-B74E-093B79796A30}.Debug|x64.Build.0 = Debug|Any CPU
		{A224865F-EEBF-481B-B74E-093B79796A30}.Release|Any CPU.ActiveCfg = Release|Any CPU
		{A224865F-EEBF-481B-B74E-093B79796A30}.Release|Any CPU.Build.0 = Release|Any CPU
		{A224865F-EEBF-481B-B74E-093B79796A30}.Release|x64.ActiveCfg = Release|Any CPU
		{A224865F-EEBF-481B-B74E-093B79796A30}.Release|x64.Build.0 = Release|Any CPU
	EndGlobalSection
	GlobalSection(SolutionProperties) = preSolution
		HideSolutionNode = FALSE
	EndGlobalSection
	GlobalSection(ExtensibilityGlobals) = postSolution
		SolutionGuid = {0D5A3342-FFFE-4599-845C-D689CDBC55A3}
	EndGlobalSection
EndGlobal
